
Microsoft Visual Studio Solution File, Format Version 12.00
# Visual Studio Version 17
VisualStudioVersion = 17.9.34728.123
MinimumVisualStudioVersion = 10.0.40219.1
Project("{9A19103F-16F7-4668-BE54-9A1E7A4F7556}") = "Calculator", "Calculator.csproj", "{FEEE62C5-F8A9-4F25-8D23-0F605069C1CC}"
EndProject
Project("{9A19103F-16F7-4668-BE54-9A1E7A4F7556}") = "CalculatorLibrary", "CalculatorLibrary\CalculatorLibrary.csproj", "{96D37388-5FF8-4BEE-A181-7EDBEA590959}"
EndProject
Global
	GlobalSection(SolutionConfigurationPlatforms) = preSolution
		Debug|Any CPU = Debug|Any CPU
		Release|Any CPU = Release|Any CPU
	EndGlobalSection
	GlobalSection(ProjectConfigurationPlatforms) = postSolution
		{FEEE62C5-F8A9-4F25-8D23-0F605069C1CC}.Debug|Any CPU.ActiveCfg = Debug|Any CPU
		{FEEE62C5-F8A9-4F25-8D23-0F605069C1CC}.Debug|Any CPU.Build.0 = Debug|Any CPU
		{FEEE62C5-F8A9-4F25-8D23-0F605069C1CC}.Release|Any CPU.ActiveCfg = Release|Any CPU
		{FEEE62C5-F8A9-4F25-8D23-0F605069C1CC}.Release|Any CPU.Build.0 = Release|Any CPU
		{96D37388-5FF8-4BEE-A181-7EDBEA590959}.Debug|Any CPU.ActiveCfg = Debug|Any CPU
		{96D37388-5FF8-4BEE-A181-7EDBEA590959}.Debug|Any CPU.Build.0 = Debug|Any CPU
		{96D37388-5FF8-4BEE-A181-7EDBEA590959}.Release|Any CPU.ActiveCfg = Release|Any CPU
		{96D37388-5FF8-4BEE-A181-7EDBEA590959}.Release|Any CPU.Build.0 = Release|Any CPU
	EndGlobalSection
	GlobalSection(SolutionProperties) = preSolution
		HideSolutionNode = FALSE
	EndGlobalSection
	GlobalSection(ExtensibilityGlobals) = postSolution
		SolutionGuid = {3FA898D5-4C06-48AE-AFCE-A02E9B84363D}
	EndGlobalSection
EndGlobal
